# THIS IS AN AUTOGENERATED FILE. DO NOT EDIT THIS FILE DIRECTLY.
# yarn lockfile v1


babel-plugin-root-import@^6.5.0:
  version "6.5.0"
  resolved "https://registry.yarnpkg.com/babel-plugin-root-import/-/babel-plugin-root-import-6.5.0.tgz#ac4016426b5d36c48127c73ad199fa72c9ff8817"
  integrity sha512-PTD8fPl4v1kwn01u9d4rgRavDs5Z+jv4qa4/y6iYtoSgM4/xmjwMqo66j5A/BTZQEMA6OV5iFgyZ1PIhroJqqg==
  dependencies:
    slash "^3.0.0"

react-app-rewired@^2.1.6:
  version "2.1.6"
  resolved "https://registry.yarnpkg.com/react-app-rewired/-/react-app-rewired-2.1.6.tgz#33ee3076a7f34d6a7c94e649cac67e7c8c580de8"
  integrity sha512-06flj0kK5tf/RN4naRv/sn6j3sQd7rsURoRLKLpffXDzJeNiAaTNic+0I8Basojy5WDwREkTqrMLewSAjcb13w==
  dependencies:
    semver "^5.6.0"

semver@^5.6.0:
  version "5.7.1"
  resolved "https://registry.yarnpkg.com/semver/-/semver-5.7.1.tgz#a954f931aeba508d307bbf069eff0c01c96116f7"
  integrity sha512-sauaDf/PZdVgrLTNYHRtpXa1iRiKcaebiKQ1BJdpQlWH2lCvexQdX55snPFyK7QzpudqbCI0qXFfOasHdyNDGQ==

slash@^3.0.0:
  version "3.0.0"
  resolved "https://registry.yarnpkg.com/slash/-/slash-3.0.0.tgz#6539be870c165adbd5240220dbe361f1bc4d4634"
  integrity sha512-g9Q1haeby36OSStwb4ntCGGGaKsaVSjQ68fBxoQcutl5fS1vuY18H3wSt3jFyFtrkx+Kz0V1G85A4MyAdDMi2Q==
